// !$*UTF8*$!
{
	archiveVersion = 1;
	classes = {
	};
	objectVersion = 50;
	objects = {

/* Begin PBXBuildFile section */
		2E31715D24CB82F500DFAAC2 /* AppDelegate.swift in Sources */ = {isa = PBXBuildFile; fileRef = 2E31715C24CB82F500DFAAC2 /* AppDelegate.swift */; };
		2E31715F24CB82F500DFAAC2 /* SceneDelegate.swift in Sources */ = {isa = PBXBuildFile; fileRef = 2E31715E24CB82F500DFAAC2 /* SceneDelegate.swift */; };
		2E31716124CB82F500DFAAC2 /* ContentView.swift in Sources */ = {isa = PBXBuildFile; fileRef = 2E31716024CB82F500DFAAC2 /* ContentView.swift */; };
		2E31716324CB82F600DFAAC2 /* Assets.xcassets in Resources */ = {isa = PBXBuildFile; fileRef = 2E31716224CB82F600DFAAC2 /* Assets.xcassets */; };
		2E31716624CB82F600DFAAC2 /* Preview Assets.xcassets in Resources */ = {isa = PBXBuildFile; fileRef = 2E31716524CB82F600DFAAC2 /* Preview Assets.xcassets */; };
		2E31716924CB82F600DFAAC2 /* LaunchScreen.storyboard in Resources */ = {isa = PBXBuildFile; fileRef = 2E31716724CB82F600DFAAC2 /* LaunchScreen.storyboard */; };
/* End PBXBuildFile section */

/* Begin PBXFileReference section */
		2E31715924CB82F500DFAAC2 /* BookScreen.app */ = {isa = PBXFileReference; explicitFileType = wrapper.application; includeInIndex = 0; path = BookScreen.app; sourceTree = BUILT_PRODUCTS_DIR; };
		2E31715C24CB82F500DFAAC2 /* AppDelegate.swift */ = {isa = PBXFileReference; lastKnownFileType = sourcecode.swift; path = AppDelegate.swift; sourceTree = "<group>"; };
		2E31715E24CB82F500DFAAC2 /* SceneDelegate.swift */ = {isa = PBXFileReference; lastKnownFileType = sourcecode.swift; path = SceneDelegate.swift; sourceTree = "<group>"; };
		2E31716024CB82F500DFAAC2 /* ContentView.swift */ = {isa = PBXFileReference; lastKnownFileType = sourcecode.swift; path = ContentView.swift; sourceTree = "<group>"; };
		2E31716224CB82F600DFAAC2 /* Assets.xcassets */ = {isa = PBXFileReference; lastKnownFileType = folder.assetcatalog; path = Assets.xcassets; sourceTree = "<group>"; };
		2E31716524CB82F600DFAAC2 /* Preview Assets.xcassets */ = {isa = PBXFileReference; lastKnownFileType = folder.assetcatalog; path = "Preview Assets.xcassets"; sourceTree = "<group>"; };
		2E31716824CB82F600DFAAC2 /* Base */ = {isa = PBXFileReference; lastKnownFileType = file.storyboard; name = Base; path = Base.lproj/LaunchScreen.storyboard; sourceTree = "<group>"; };
		2E31716A24CB82F600DFAAC2 /* Info.plist */ = {isa = PBXFileReference; lastKnownFileType = text.plist.xml; path = Info.plist; sourceTree = "<group>"; };
		2E31717024CB84FC00DFAAC2 /* BookScreen.entitlements */ = {isa = PBXFileReference; lastKnownFileType = text.plist.entitlements; path = BookScreen.entitlements; sourceTree = "<group>"; };
/* End PBXFileReference section */

/* Begin PBXFrameworksBuildPhase section */
		2E31715624CB82F500DFAAC2 /* Frameworks */ = {
			isa = PBXFrameworksBuildPhase;
			buildActionMask = 2147483647;
			files = (
			);
			runOnlyForDeploymentPostprocessing = 0;
		};
/* End PBXFrameworksBuildPhase section */

/* Begin PBXGroup section */
		2E31715024CB82F500DFAAC2 = {
			isa = PBXGroup;
			children = (
				2E31715B24CB82F500DFAAC2 /* BookScreen */,
				2E31715A24CB82F500DFAAC2 /* Products */,
			);
			sourceTree = "<group>";
		};
		2E31715A24CB82F500DFAAC2 /* Products */ = {
			isa = PBXGroup;
			children = (
				2E31715924CB82F500DFAAC2 /* BookScreen.app */,
			);
			name = Products;
			sourceTree = "<group>";
		};
		2E31715B24CB82F500DFAAC2 /* BookScreen */ = {
			isa = PBXGroup;
			children = (
				2E31717024CB84FC00DFAAC2 /* BookScreen.entitlements */,
				2E31715C24CB82F500DFAAC2 /* AppDelegate.swift */,
				2E31715E24CB82F500DFAAC2 /* SceneDelegate.swift */,
				2E31716024CB82F500DFAAC2 /* ContentView.swift */,
				2E31716224CB82F600DFAAC2 /* Assets.xcassets */,
				2E31716724CB82F600DFAAC2 /* LaunchScreen.storyboard */,
				2E31716A24CB82F600DFAAC2 /* Info.plist */,
				2E31716424CB82F600DFAAC2 /* Preview Content */,
			);
			path = BookScreen;
			sourceTree = "<group>";
		};
		2E31716424CB82F600DFAAC2 /* Preview Content */ = {
			isa = PBXGroup;
			children = (
				2E31716524CB82F600DFAAC2 /* Preview Assets.xcassets */,
			);
			path = "Preview Content";
			sourceTree = "<group>";
		};
/* End PBXGroup section */

/* Begin PBXNativeTarget section */
		2E31715824CB82F500DFAAC2 /* BookScreen */ = {
			isa = PBXNativeTarget;
			buildConfigurationList = 2E31716D24CB82F600DFAAC2 /* Build configuration list for PBXNativeTarget "BookScreen" */;
			buildPhases = (
				2E31715524CB82F500DFAAC2 /* Sources */,
				2E31715624CB82F500DFAAC2 /* Frameworks */,
				2E31715724CB82F500DFAAC2 /* Resources */,
			);
			buildRules = (
			);
			dependencies = (
			);
			name = BookScreen;
			productName = BookScreen;
			productReference = 2E31715924CB82F500DFAAC2 /* BookScreen.app */;
			productType = "com.apple.product-type.application";
		};
/* End PBXNativeTarget section */

/* Begin PBXProject section */
		2E31715124CB82F500DFAAC2 /* Project object */ = {
			isa = PBXProject;
			attributes = {
				LastSwiftUpdateCheck = 1160;
				LastUpgradeCheck = 1160;
				ORGANIZATIONNAME = "Burak Tunç";
				TargetAttributes = {
					2E31715824CB82F500DFAAC2 = {
						CreatedOnToolsVersion = 11.6;
					};
				};
			};
			buildConfigurationList = 2E31715424CB82F500DFAAC2 /* Build configuration list for PBXProject "BookScreen" */;
			compatibilityVersion = "Xcode 9.3";
			developmentRegion = en;
			hasScannedForEncodings = 0;
			knownRegions = (
				en,
				Base,
			);
			mainGroup = 2E31715024CB82F500DFAAC2;
			productRefGroup = 2E31715A24CB82F500DFAAC2 /* Products */;
			projectDirPath = "";
			projectRoot = "";
			targets = (
				2E31715824CB82F500DFAAC2 /* BookScreen */,
			);
		};
/* End PBXProject section */

/* Begin PBXResourcesBuildPhase section */
		2E31715724CB82F500DFAAC2 /* Resources */ = {
			isa = PBXResourcesBuildPhase;
			buildActionMask = 2147483647;
			files = (
				2E31716924CB82F600DFAAC2 /* LaunchScreen.storyboard in Resources */,
				2E31716624CB82F600DFAAC2 /* Preview Assets.xcassets in Resources */,
				2E31716324CB82F600DFAAC2 /* Assets.xcassets in Resources */,
			);
			runOnlyForDeploymentPostprocessing = 0;
		};
/* End PBXResourcesBuildPhase section */

/* Begin PBXSourcesBuildPhase section */
		2E31715524CB82F500DFAAC2 /* Sources */ = {
			isa = PBXSourcesBuildPhase;
			buildActionMask = 2147483647;
			files = (
				2E31715D24CB82F500DFAAC2 /* AppDelegate.swift in Sources */,
				2E31715F24CB82F500DFAAC2 /* SceneDelegate.swift in Sources */,
				2E31716124CB82F500DFAAC2 /* ContentView.swift in Sources */,
			);
			runOnlyForDeploymentPostprocessing = 0;
		};
/* End PBXSourcesBuildPhase section */

/* Begin PBXVariantGroup section */
		2E31716724CB82F600DFAAC2 /* LaunchScreen.storyboard */ = {
			isa = PBXVariantGroup;
			children = (
				2E31716824CB82F600DFAAC2 /* Base */,
			);
			name = LaunchScreen.storyboard;
			sourceTree = "<group>";
		};
/* End PBXVariantGroup section */

/* Begin XCBuildConfiguration section */
		2E31716B24CB82F600DFAAC2 /* Debug */ = {
			isa = XCBuildConfiguration;
			buildSettings = {
				ALWAYS_SEARCH_USER_PATHS = NO;
				CLANG_ANALYZER_NONNULL = YES;
				CLANG_ANALYZER_NUMBER_OBJECT_CONVERSION = YES_AGGRESSIVE;
				CLANG_CXX_LANGUAGE_STANDARD = "gnu++14";
				CLANG_CXX_LIBRARY = "libc++";
				CLANG_ENABLE_MODULES = YES;
				CLANG_ENABLE_OBJC_ARC = YES;
				CLANG_ENABLE_OBJC_WEAK = YES;
				CLANG_WARN_BLOCK_CAPTURE_AUTORELEASING = YES;
				CLANG_WARN_BOOL_CONVERSION = YES;
				CLANG_WARN_COMMA = YES;
				CLANG_WARN_CONSTANT_CONVERSION = YES;
				CLANG_WARN_DEPRECATED_OBJC_IMPLEMENTATIONS = YES;
				CLANG_WARN_DIRECT_OBJC_ISA_USAGE = YES_ERROR;
				CLANG_WARN_DOCUMENTATION_COMMENTS = YES;
				CLANG_WARN_EMPTY_BODY = YES;
				CLANG_WARN_ENUM_CONVERSION = YES;
				CLANG_WARN_INFINITE_RECURSION = YES;
				CLANG_WARN_INT_CONVERSION = YES;
				CLANG_WARN_NON_LITERAL_NULL_CONVERSION = YES;
				CLANG_WARN_OBJC_IMPLICIT_RETAIN_SELF = YES;
				CLANG_WARN_OBJC_LITERAL_CONVERSION = YES;
				CLANG_WARN_OBJC_ROOT_CLASS = YES_ERROR;
				CLANG_WARN_RANGE_LOOP_ANALYSIS = YES;
				CLANG_WARN_STRICT_PROTOTYPES = YES;
				CLANG_WARN_SUSPICIOUS_MOVE = YES;
				CLANG_WARN_UNGUARDED_AVAILABILITY = YES_AGGRESSIVE;
				CLANG_WARN_UNREACHABLE_CODE = YES;
				CLANG_WARN__DUPLICATE_METHOD_MATCH = YES;
				COPY_PHASE_STRIP = NO;
				DEBUG_INFORMATION_FORMAT = dwarf;
				ENABLE_STRICT_OBJC_MSGSEND = YES;
				ENABLE_TESTABILITY = YES;
				GCC_C_LANGUAGE_STANDARD = gnu11;
				GCC_DYNAMIC_NO_PIC = NO;
				GCC_NO_COMMON_BLOCKS = YES;
				GCC_OPTIMIZATION_LEVEL = 0;
				GCC_PREPROCESSOR_DEFINITIONS = (
					"DEBUG=1",
					"$(inherited)",
				);
				GCC_WARN_64_TO_32_BIT_CONVERSION = YES;
				GCC_WARN_ABOUT_RETURN_TYPE = YES_ERROR;
				GCC_WARN_UNDECLARED_SELECTOR = YES;
				GCC_WARN_UNINITIALIZED_AUTOS = YES_AGGRESSIVE;
				GCC_WARN_UNUSED_FUNCTION = YES;
				GCC_WARN_UNUSED_VARIABLE = YES;
				IPHONEOS_DEPLOYMENT_TARGET = 13.6;
				MTL_ENABLE_DEBUG_INFO = INCLUDE_SOURCE;
				MTL_FAST_MATH = YES;
				ONLY_ACTIVE_ARCH = YES;
				SDKROOT = iphoneos;
				SWIFT_ACTIVE_COMPILATION_CONDITIONS = DEBUG;
				SWIFT_OPTIMIZATION_LEVEL = "-Onone";
			};
			name = Debug;
		};
		2E31716C24CB82F600DFAAC2 /* Release */ = {
			isa = XCBuildConfiguration;
			buildSettings = {
				ALWAYS_SEARCH_USER_PATHS = NO;
				CLANG_ANALYZER_NONNULL = YES;
				CLANG_ANALYZER_NUMBER_OBJECT_CONVERSION = YES_AGGRESSIVE;
				CLANG_CXX_LANGUAGE_STANDARD = "gnu++14";
				CLANG_CXX_LIBRARY = "libc++";
				CLANG_ENABLE_MODULES = YES;
				CLANG_ENABLE_OBJC_ARC = YES;
				CLANG_ENABLE_OBJC_WEAK = YES;
				CLANG_WARN_BLOCK_CAPTURE_AUTORELEASING = YES;
				CLANG_WARN_BOOL_CONVERSION = YES;
				CLANG_WARN_COMMA = YES;
				CLANG_WARN_CONSTANT_CONVERSION = YES;
				CLANG_WARN_DEPRECATED_OBJC_IMPLEMENTATIONS = YES;
				CLANG_WARN_DIRECT_OBJC_ISA_USAGE = YES_ERROR;
				CLANG_WARN_DOCUMENTATION_COMMENTS = YES;
				CLANG_WARN_EMPTY_BODY = YES;
				CLANG_WARN_ENUM_CONVERSION = YES;
				CLANG_WARN_INFINITE_RECURSION = YES;
				CLANG_WARN_INT_CONVERSION = YES;
				CLANG_WARN_NON_LITERAL_NULL_CONVERSION = YES;
				CLANG_WARN_OBJC_IMPLICIT_RETAIN_SELF = YES;
				CLANG_WARN_OBJC_LITERAL_CONVERSION = YES;
				CLANG_WARN_OBJC_ROOT_CLASS = YES_ERROR;
				CLANG_WARN_RANGE_LOOP_ANALYSIS = YES;
				CLANG_WARN_STRICT_PROTOTYPES = YES;
				CLANG_WARN_SUSPICIOUS_MOVE = YES;
				CLANG_WARN_UNGUARDED_AVAILABILITY = YES_AGGRESSIVE;
				CLANG_WARN_UNREACHABLE_CODE = YES;
				CLANG_WARN__DUPLICATE_METHOD_MATCH = YES;
				COPY_PHASE_STRIP = NO;
				DEBUG_INFORMATION_FORMAT = "dwarf-with-dsym";
				ENABLE_NS_ASSERTIONS = NO;
				ENABLE_STRICT_OBJC_MSGSEND = YES;
				GCC_C_LANGUAGE_STANDARD = gnu11;
				GCC_NO_COMMON_BLOCKS = YES;
				GCC_WARN_64_TO_32_BIT_CONVERSION = YES;
				GCC_WARN_ABOUT_RETURN_TYPE = YES_ERROR;
				GCC_WARN_UNDECLARED_SELECTOR = YES;
				GCC_WARN_UNINITIALIZED_AUTOS = YES_AGGRESSIVE;
				GCC_WARN_UNUSED_FUNCTION = YES;
				GCC_WARN_UNUSED_VARIABLE = YES;
				IPHONEOS_DEPLOYMENT_TARGET = 13.6;
				MTL_ENABLE_DEBUG_INFO = NO;
				MTL_FAST_MATH = YES;
				SDKROOT = iphoneos;
				SWIFT_COMPILATION_MODE = wholemodule;
				SWIFT_OPTIMIZATION_LEVEL = "-O";
				VALIDATE_PRODUCT = YES;
			};
			name = Release;
		};
		2E31716E24CB82F600DFAAC2 /* Debug */ = {
			isa = XCBuildConfiguration;
			buildSettings = {
				ASSETCATALOG_COMPILER_APPICON_NAME = AppIcon;
				CODE_SIGN_ENTITLEMENTS = BookScreen/BookScreen.entitlements;
				CODE_SIGN_STYLE = Automatic;
				DEVELOPMENT_ASSET_PATHS = "\"BookScreen/Preview Content\"";
				DEVELOPMENT_TEAM = Z9N8ZU49CZ;
				ENABLE_PREVIEWS = YES;
				INFOPLIST_FILE = BookScreen/Info.plist;
				LD_RUNPATH_SEARCH_PATHS = (
					"$(inherited)",
					"@executable_path/Frameworks",
				);
				PRODUCT_BUNDLE_IDENTIFIER = com.buraktuncdev.BookScreen;
				PRODUCT_NAME = "$(TARGET_NAME)";
				SUPPORTS_MACCATALYST = NO;
				SWIFT_VERSION = 5.0;
				TARGETED_DEVICE_FAMILY = "1,2";
			};
			name = Debug;
		};
		2E31716F24CB82F600DFAAC2 /* Release */ = {
			isa = XCBuildConfiguration;
			buildSettings = {
				ASSETCATALOG_COMPILER_APPICON_NAME = AppIcon;
				CODE_SIGN_ENTITLEMENTS = BookScreen/BookScreen.entitlements;
				CODE_SIGN_STYLE = Automatic;
				DEVELOPMENT_ASSET_PATHS = "\"BookScreen/Preview Content\"";
				DEVELOPMENT_TEAM = Z9N8ZU49CZ;
				ENABLE_PREVIEWS = YES;
				INFOPLIST_FILE = BookScreen/Info.plist;
				LD_RUNPATH_SEARCH_PATHS = (
					"$(inherited)",
					"@executable_path/Frameworks",
				);
				PRODUCT_BUNDLE_IDENTIFIER = com.buraktuncdev.BookScreen;
				PRODUCT_NAME = "$(TARGET_NAME)";
				SUPPORTS_MACCATALYST = NO;
				SWIFT_VERSION = 5.0;
				TARGETED_DEVICE_FAMILY = "1,2";
			};
			name = Release;
		};
/* End XCBuildConfiguration section */

/* Begin XCConfigurationList section */
		2E31715424CB82F500DFAAC2 /* Build configuration list for PBXProject "BookScreen" */ = {
			isa = XCConfigurationList;
			buildConfigurations = (
				2E31716B24CB82F600DFAAC2 /* Debug */,
				2E31716C24CB82F600DFAAC2 /* Release */,
			);
			defaultConfigurationIsVisible = 0;
			defaultConfigurationName = Release;
		};
		2E31716D24CB82F600DFAAC2 /* Build configuration list for PBXNativeTarget "BookScreen" */ = {
			isa = XCConfigurationList;
			buildConfigurations = (
				2E31716E24CB82F600DFAAC2 /* Debug */,
				2E31716F24CB82F600DFAAC2 /* Release */,
			);
			defaultConfigurationIsVisible = 0;
			defaultConfigurationName = Release;
		};
/* End XCConfigurationList section */
	};
	rootObject = 2E31715124CB82F500DFAAC2 /* Project object */;
}
